
Microsoft Visual Studio Solution File, Format Version 12.00
# Visual Studio 15
VisualStudioVersion = 15.0.27130.2003
MinimumVisualStudioVersion = 10.0.40219.1
Project("{FAE04EC0-301F-11D3-BF4B-00C04F79EFBC}") = "ChasPena.MovieLib.Host", "ChasPena.MovieLib.Host\ChasPena.MovieLib.Host.csproj", "{4E2B5F0E-43E7-458C-8352-2D8794C4941C}"
EndProject
Global
	GlobalSection(SolutionConfigurationPlatforms) = preSolution
		Debug|Any CPU = Debug|Any CPU
		Release|Any CPU = Release|Any CPU
	EndGlobalSection
	GlobalSection(ProjectConfigurationPlatforms) = postSolution
		{4E2B5F0E-43E7-458C-8352-2D8794C4941C}.Debug|Any CPU.ActiveCfg = Debug|Any CPU
		{4E2B5F0E-43E7-458C-8352-2D8794C4941C}.Debug|Any CPU.Build.0 = Debug|Any CPU
		{4E2B5F0E-43E7-458C-8352-2D8794C4941C}.Release|Any CPU.ActiveCfg = Release|Any CPU
		{4E2B5F0E-43E7-458C-8352-2D8794C4941C}.Release|Any CPU.Build.0 = Release|Any CPU
	EndGlobalSection
	GlobalSection(SolutionProperties) = preSolution
		HideSolutionNode = FALSE
	EndGlobalSection
	GlobalSection(ExtensibilityGlobals) = postSolution
		SolutionGuid = {F7A4F981-8F8F-4C66-8455-2DF4FD4C9508}
	EndGlobalSection
EndGlobal
